
Microsoft Visual Studio Solution File, Format Version 12.00
# Visual Studio Version 16
VisualStudioVersion = 16.0.29911.84
MinimumVisualStudioVersion = 10.0.40219.1
Project("{9A19103F-16F7-4668-BE54-9A1E7A4F7556}") = "GymManager", "GymManager\GymManager.csproj", "{6B61E1A6-D251-4B39-BB5E-6B77531C1744}"
EndProject
Project("{2150E333-8FDC-42A3-9474-1A3956D46DE8}") = "Solution Items", "Solution Items", "{09F77CD8-3F49-405B-9EA1-20971EF2379D}"
EndProject
Global
	GlobalSection(SolutionConfigurationPlatforms) = preSolution
		Debug|Any CPU = Debug|Any CPU
		Release|Any CPU = Release|Any CPU
	EndGlobalSection
	GlobalSection(ProjectConfigurationPlatforms) = postSolution
		{6B61E1A6-D251-4B39-BB5E-6B77531C1744}.Debug|Any CPU.ActiveCfg = Debug|Any CPU
		{6B61E1A6-D251-4B39-BB5E-6B77531C1744}.Debug|Any CPU.Build.0 = Debug|Any CPU
		{6B61E1A6-D251-4B39-BB5E-6B77531C1744}.Release|Any CPU.ActiveCfg = Release|Any CPU
		{6B61E1A6-D251-4B39-BB5E-6B77531C1744}.Release|Any CPU.Build.0 = Release|Any CPU
	EndGlobalSection
	GlobalSection(SolutionProperties) = preSolution
		HideSolutionNode = FALSE
	EndGlobalSection
	GlobalSection(ExtensibilityGlobals) = postSolution
		SolutionGuid = {BAFCD342-6C79-441D-8C6C-CDC456E3DDD2}
	EndGlobalSection
EndGlobal
